
Microsoft Visual Studio Solution File, Format Version 12.00
# Visual Studio Version 16
VisualStudioVersion = 16.0.32002.261
MinimumVisualStudioVersion = 10.0.40219.1
Project("{FAE04EC0-301F-11D3-BF4B-00C04F79EFBC}") = "LS_10_Classes", "LS_10_Classes.csproj", "{A1EC6145-75F4-4445-BD1B-3EACFFE0046E}"
EndProject
Global
	GlobalSection(SolutionConfigurationPlatforms) = preSolution
		Debug|Any CPU = Debug|Any CPU
		Release|Any CPU = Release|Any CPU
	EndGlobalSection
	GlobalSection(ProjectConfigurationPlatforms) = postSolution
		{A1EC6145-75F4-4445-BD1B-3EACFFE0046E}.Debug|Any CPU.ActiveCfg = Debug|Any CPU
		{A1EC6145-75F4-4445-BD1B-3EACFFE0046E}.Debug|Any CPU.Build.0 = Debug|Any CPU
		{A1EC6145-75F4-4445-BD1B-3EACFFE0046E}.Release|Any CPU.ActiveCfg = Release|Any CPU
		{A1EC6145-75F4-4445-BD1B-3EACFFE0046E}.Release|Any CPU.Build.0 = Release|Any CPU
	EndGlobalSection
	GlobalSection(SolutionProperties) = preSolution
		HideSolutionNode = FALSE
	EndGlobalSection
	GlobalSection(ExtensibilityGlobals) = postSolution
		SolutionGuid = {ED69923C-DCB6-418E-A07D-17050010B4AA}
	EndGlobalSection
EndGlobal
